// !$*UTF8*$!
{
	archiveVersion = 1;
	classes = {
	};
	objectVersion = 56;
	objects = {

/* Begin PBXBuildFile section */
		372E513F28FF889000465771 /* CoolChatTwitchPlusApp.swift in Sources */ = {isa = PBXBuildFile; fileRef = 372E513E28FF889000465771 /* CoolChatTwitchPlusApp.swift */; };
		372E514128FF889000465771 /* ContentView.swift in Sources */ = {isa = PBXBuildFile; fileRef = 372E514028FF889000465771 /* ContentView.swift */; };
		372E514328FF889100465771 /* Assets.xcassets in Resources */ = {isa = PBXBuildFile; fileRef = 372E514228FF889100465771 /* Assets.xcassets */; };
		372E514628FF889100465771 /* Preview Assets.xcassets in Resources */ = {isa = PBXBuildFile; fileRef = 372E514528FF889100465771 /* Preview Assets.xcassets */; };
		372E514F28FF89B500465771 /* TwitchChat in Frameworks */ = {isa = PBXBuildFile; productRef = 372E514E28FF89B500465771 /* TwitchChat */; };
		372E515128FF956400465771 /* CCTChat.swift in Sources */ = {isa = PBXBuildFile; fileRef = 372E515028FF956400465771 /* CCTChat.swift */; };
		372E515328FF95C100465771 /* ChatMessage+Extension.swift in Sources */ = {isa = PBXBuildFile; fileRef = 372E515228FF95C100465771 /* ChatMessage+Extension.swift */; };
		372E515628FF98F600465771 /* StringProtocol+Extensions.swift in Sources */ = {isa = PBXBuildFile; fileRef = 372E515528FF98F600465771 /* StringProtocol+Extensions.swift */; };
		372E515828FF9B3E00465771 /* Constants.swift in Sources */ = {isa = PBXBuildFile; fileRef = 372E515728FF9B3E00465771 /* Constants.swift */; };
/* End PBXBuildFile section */

/* Begin PBXFileReference section */
		372E513B28FF889000465771 /* CoolChatTwitchPlus.app */ = {isa = PBXFileReference; explicitFileType = wrapper.application; includeInIndex = 0; path = CoolChatTwitchPlus.app; sourceTree = BUILT_PRODUCTS_DIR; };
		372E513E28FF889000465771 /* CoolChatTwitchPlusApp.swift */ = {isa = PBXFileReference; lastKnownFileType = sourcecode.swift; path = CoolChatTwitchPlusApp.swift; sourceTree = "<group>"; };
		372E514028FF889000465771 /* ContentView.swift */ = {isa = PBXFileReference; lastKnownFileType = sourcecode.swift; path = ContentView.swift; sourceTree = "<group>"; };
		372E514228FF889100465771 /* Assets.xcassets */ = {isa = PBXFileReference; lastKnownFileType = folder.assetcatalog; path = Assets.xcassets; sourceTree = "<group>"; };
		372E514528FF889100465771 /* Preview Assets.xcassets */ = {isa = PBXFileReference; lastKnownFileType = folder.assetcatalog; path = "Preview Assets.xcassets"; sourceTree = "<group>"; };
		372E514728FF889100465771 /* CoolChatTwitchPlus.entitlements */ = {isa = PBXFileReference; lastKnownFileType = text.plist.entitlements; path = CoolChatTwitchPlus.entitlements; sourceTree = "<group>"; };
		372E515028FF956400465771 /* CCTChat.swift */ = {isa = PBXFileReference; lastKnownFileType = sourcecode.swift; path = CCTChat.swift; sourceTree = "<group>"; };
		372E515228FF95C100465771 /* ChatMessage+Extension.swift */ = {isa = PBXFileReference; lastKnownFileType = sourcecode.swift; path = "ChatMessage+Extension.swift"; sourceTree = "<group>"; };
		372E515528FF98F600465771 /* StringProtocol+Extensions.swift */ = {isa = PBXFileReference; lastKnownFileType = sourcecode.swift; path = "StringProtocol+Extensions.swift"; sourceTree = "<group>"; };
		372E515728FF9B3E00465771 /* Constants.swift */ = {isa = PBXFileReference; lastKnownFileType = sourcecode.swift; path = Constants.swift; sourceTree = "<group>"; };
/* End PBXFileReference section */

/* Begin PBXFrameworksBuildPhase section */
		372E513828FF889000465771 /* Frameworks */ = {
			isa = PBXFrameworksBuildPhase;
			buildActionMask = 2147483647;
			files = (
				372E514F28FF89B500465771 /* TwitchChat in Frameworks */,
			);
			runOnlyForDeploymentPostprocessing = 0;
		};
/* End PBXFrameworksBuildPhase section */

/* Begin PBXGroup section */
		372E513228FF889000465771 = {
			isa = PBXGroup;
			children = (
				372E513D28FF889000465771 /* CoolChatTwitchPlus */,
				372E513C28FF889000465771 /* Products */,
			);
			sourceTree = "<group>";
		};
		372E513C28FF889000465771 /* Products */ = {
			isa = PBXGroup;
			children = (
				372E513B28FF889000465771 /* CoolChatTwitchPlus.app */,
			);
			name = Products;
			sourceTree = "<group>";
		};
		372E513D28FF889000465771 /* CoolChatTwitchPlus */ = {
			isa = PBXGroup;
			children = (
				372E515428FF98E600465771 /* Extensions */,
				372E513E28FF889000465771 /* CoolChatTwitchPlusApp.swift */,
				372E515028FF956400465771 /* CCTChat.swift */,
				372E514028FF889000465771 /* ContentView.swift */,
				372E514228FF889100465771 /* Assets.xcassets */,
				372E514728FF889100465771 /* CoolChatTwitchPlus.entitlements */,
				372E514428FF889100465771 /* Preview Content */,
				372E515728FF9B3E00465771 /* Constants.swift */,
			);
			path = CoolChatTwitchPlus;
			sourceTree = "<group>";
		};
		372E514428FF889100465771 /* Preview Content */ = {
			isa = PBXGroup;
			children = (
				372E514528FF889100465771 /* Preview Assets.xcassets */,
			);
			path = "Preview Content";
			sourceTree = "<group>";
		};
		372E515428FF98E600465771 /* Extensions */ = {
			isa = PBXGroup;
			children = (
				372E515228FF95C100465771 /* ChatMessage+Extension.swift */,
				372E515528FF98F600465771 /* StringProtocol+Extensions.swift */,
			);
			path = Extensions;
			sourceTree = "<group>";
		};
/* End PBXGroup section */

/* Begin PBXNativeTarget section */
		372E513A28FF889000465771 /* CoolChatTwitchPlus */ = {
			isa = PBXNativeTarget;
			buildConfigurationList = 372E514A28FF889100465771 /* Build configuration list for PBXNativeTarget "CoolChatTwitchPlus" */;
			buildPhases = (
				372E513728FF889000465771 /* Sources */,
				372E513828FF889000465771 /* Frameworks */,
				372E513928FF889000465771 /* Resources */,
			);
			buildRules = (
			);
			dependencies = (
			);
			name = CoolChatTwitchPlus;
			packageProductDependencies = (
				372E514E28FF89B500465771 /* TwitchChat */,
			);
			productName = CoolChatTwitchPlus;
			productReference = 372E513B28FF889000465771 /* CoolChatTwitchPlus.app */;
			productType = "com.apple.product-type.application";
		};
/* End PBXNativeTarget section */

/* Begin PBXProject section */
		372E513328FF889000465771 /* Project object */ = {
			isa = PBXProject;
			attributes = {
				BuildIndependentTargetsInParallel = 1;
				LastSwiftUpdateCheck = 1400;
				LastUpgradeCheck = 1400;
				TargetAttributes = {
					372E513A28FF889000465771 = {
						CreatedOnToolsVersion = 14.0.1;
					};
				};
			};
			buildConfigurationList = 372E513628FF889000465771 /* Build configuration list for PBXProject "CoolChatTwitchPlus" */;
			compatibilityVersion = "Xcode 14.0";
			developmentRegion = en;
			hasScannedForEncodings = 0;
			knownRegions = (
				en,
				Base,
			);
			mainGroup = 372E513228FF889000465771;
			packageReferences = (
				372E514D28FF89B500465771 /* XCRemoteSwiftPackageReference "twitch-chat" */,
			);
			productRefGroup = 372E513C28FF889000465771 /* Products */;
			projectDirPath = "";
			projectRoot = "";
			targets = (
				372E513A28FF889000465771 /* CoolChatTwitchPlus */,
			);
		};
/* End PBXProject section */

/* Begin PBXResourcesBuildPhase section */
		372E513928FF889000465771 /* Resources */ = {
			isa = PBXResourcesBuildPhase;
			buildActionMask = 2147483647;
			files = (
				372E514628FF889100465771 /* Preview Assets.xcassets in Resources */,
				372E514328FF889100465771 /* Assets.xcassets in Resources */,
			);
			runOnlyForDeploymentPostprocessing = 0;
		};
/* End PBXResourcesBuildPhase section */

/* Begin PBXSourcesBuildPhase section */
		372E513728FF889000465771 /* Sources */ = {
			isa = PBXSourcesBuildPhase;
			buildActionMask = 2147483647;
			files = (
				372E515628FF98F600465771 /* StringProtocol+Extensions.swift in Sources */,
				372E514128FF889000465771 /* ContentView.swift in Sources */,
				372E513F28FF889000465771 /* CoolChatTwitchPlusApp.swift in Sources */,
				372E515128FF956400465771 /* CCTChat.swift in Sources */,
				372E515328FF95C100465771 /* ChatMessage+Extension.swift in Sources */,
				372E515828FF9B3E00465771 /* Constants.swift in Sources */,
			);
			runOnlyForDeploymentPostprocessing = 0;
		};
/* End PBXSourcesBuildPhase section */

/* Begin XCBuildConfiguration section */
		372E514828FF889100465771 /* Debug */ = {
			isa = XCBuildConfiguration;
			buildSettings = {
				ALWAYS_SEARCH_USER_PATHS = NO;
				CLANG_ANALYZER_NONNULL = YES;
				CLANG_ANALYZER_NUMBER_OBJECT_CONVERSION = YES_AGGRESSIVE;
				CLANG_CXX_LANGUAGE_STANDARD = "gnu++20";
				CLANG_ENABLE_MODULES = YES;
				CLANG_ENABLE_OBJC_ARC = YES;
				CLANG_ENABLE_OBJC_WEAK = YES;
				CLANG_WARN_BLOCK_CAPTURE_AUTORELEASING = YES;
				CLANG_WARN_BOOL_CONVERSION = YES;
				CLANG_WARN_COMMA = YES;
				CLANG_WARN_CONSTANT_CONVERSION = YES;
				CLANG_WARN_DEPRECATED_OBJC_IMPLEMENTATIONS = YES;
				CLANG_WARN_DIRECT_OBJC_ISA_USAGE = YES_ERROR;
				CLANG_WARN_DOCUMENTATION_COMMENTS = YES;
				CLANG_WARN_EMPTY_BODY = YES;
				CLANG_WARN_ENUM_CONVERSION = YES;
				CLANG_WARN_INFINITE_RECURSION = YES;
				CLANG_WARN_INT_CONVERSION = YES;
				CLANG_WARN_NON_LITERAL_NULL_CONVERSION = YES;
				CLANG_WARN_OBJC_IMPLICIT_RETAIN_SELF = YES;
				CLANG_WARN_OBJC_LITERAL_CONVERSION = YES;
				CLANG_WARN_OBJC_ROOT_CLASS = YES_ERROR;
				CLANG_WARN_QUOTED_INCLUDE_IN_FRAMEWORK_HEADER = YES;
				CLANG_WARN_RANGE_LOOP_ANALYSIS = YES;
				CLANG_WARN_STRICT_PROTOTYPES = YES;
				CLANG_WARN_SUSPICIOUS_MOVE = YES;
				CLANG_WARN_UNGUARDED_AVAILABILITY = YES_AGGRESSIVE;
				CLANG_WARN_UNREACHABLE_CODE = YES;
				CLANG_WARN__DUPLICATE_METHOD_MATCH = YES;
				COPY_PHASE_STRIP = NO;
				DEBUG_INFORMATION_FORMAT = dwarf;
				ENABLE_STRICT_OBJC_MSGSEND = YES;
				ENABLE_TESTABILITY = YES;
				GCC_C_LANGUAGE_STANDARD = gnu11;
				GCC_DYNAMIC_NO_PIC = NO;
				GCC_NO_COMMON_BLOCKS = YES;
				GCC_OPTIMIZATION_LEVEL = 0;
				GCC_PREPROCESSOR_DEFINITIONS = (
					"DEBUG=1",
					"$(inherited)",
				);
				GCC_WARN_64_TO_32_BIT_CONVERSION = YES;
				GCC_WARN_ABOUT_RETURN_TYPE = YES_ERROR;
				GCC_WARN_UNDECLARED_SELECTOR = YES;
				GCC_WARN_UNINITIALIZED_AUTOS = YES_AGGRESSIVE;
				GCC_WARN_UNUSED_FUNCTION = YES;
				GCC_WARN_UNUSED_VARIABLE = YES;
				MACOSX_DEPLOYMENT_TARGET = 12.3;
				MTL_ENABLE_DEBUG_INFO = INCLUDE_SOURCE;
				MTL_FAST_MATH = YES;
				ONLY_ACTIVE_ARCH = YES;
				SDKROOT = macosx;
				SWIFT_ACTIVE_COMPILATION_CONDITIONS = DEBUG;
				SWIFT_OPTIMIZATION_LEVEL = "-Onone";
			};
			name = Debug;
		};
		372E514928FF889100465771 /* Release */ = {
			isa = XCBuildConfiguration;
			buildSettings = {
				ALWAYS_SEARCH_USER_PATHS = NO;
				CLANG_ANALYZER_NONNULL = YES;
				CLANG_ANALYZER_NUMBER_OBJECT_CONVERSION = YES_AGGRESSIVE;
				CLANG_CXX_LANGUAGE_STANDARD = "gnu++20";
				CLANG_ENABLE_MODULES = YES;
				CLANG_ENABLE_OBJC_ARC = YES;
				CLANG_ENABLE_OBJC_WEAK = YES;
				CLANG_WARN_BLOCK_CAPTURE_AUTORELEASING = YES;
				CLANG_WARN_BOOL_CONVERSION = YES;
				CLANG_WARN_COMMA = YES;
				CLANG_WARN_CONSTANT_CONVERSION = YES;
				CLANG_WARN_DEPRECATED_OBJC_IMPLEMENTATIONS = YES;
				CLANG_WARN_DIRECT_OBJC_ISA_USAGE = YES_ERROR;
				CLANG_WARN_DOCUMENTATION_COMMENTS = YES;
				CLANG_WARN_EMPTY_BODY = YES;
				CLANG_WARN_ENUM_CONVERSION = YES;
				CLANG_WARN_INFINITE_RECURSION = YES;
				CLANG_WARN_INT_CONVERSION = YES;
				CLANG_WARN_NON_LITERAL_NULL_CONVERSION = YES;
				CLANG_WARN_OBJC_IMPLICIT_RETAIN_SELF = YES;
				CLANG_WARN_OBJC_LITERAL_CONVERSION = YES;
				CLANG_WARN_OBJC_ROOT_CLASS = YES_ERROR;
				CLANG_WARN_QUOTED_INCLUDE_IN_FRAMEWORK_HEADER = YES;
				CLANG_WARN_RANGE_LOOP_ANALYSIS = YES;
				CLANG_WARN_STRICT_PROTOTYPES = YES;
				CLANG_WARN_SUSPICIOUS_MOVE = YES;
				CLANG_WARN_UNGUARDED_AVAILABILITY = YES_AGGRESSIVE;
				CLANG_WARN_UNREACHABLE_CODE = YES;
				CLANG_WARN__DUPLICATE_METHOD_MATCH = YES;
				COPY_PHASE_STRIP = NO;
				DEBUG_INFORMATION_FORMAT = "dwarf-with-dsym";
				ENABLE_NS_ASSERTIONS = NO;
				ENABLE_STRICT_OBJC_MSGSEND = YES;
				GCC_C_LANGUAGE_STANDARD = gnu11;
				GCC_NO_COMMON_BLOCKS = YES;
				GCC_WARN_64_TO_32_BIT_CONVERSION = YES;
				GCC_WARN_ABOUT_RETURN_TYPE = YES_ERROR;
				GCC_WARN_UNDECLARED_SELECTOR = YES;
				GCC_WARN_UNINITIALIZED_AUTOS = YES_AGGRESSIVE;
				GCC_WARN_UNUSED_FUNCTION = YES;
				GCC_WARN_UNUSED_VARIABLE = YES;
				MACOSX_DEPLOYMENT_TARGET = 12.3;
				MTL_ENABLE_DEBUG_INFO = NO;
				MTL_FAST_MATH = YES;
				SDKROOT = macosx;
				SWIFT_COMPILATION_MODE = wholemodule;
				SWIFT_OPTIMIZATION_LEVEL = "-O";
			};
			name = Release;
		};
		372E514B28FF889100465771 /* Debug */ = {
			isa = XCBuildConfiguration;
			buildSettings = {
				ASSETCATALOG_COMPILER_APPICON_NAME = AppIcon;
				ASSETCATALOG_COMPILER_GLOBAL_ACCENT_COLOR_NAME = AccentColor;
				CODE_SIGN_ENTITLEMENTS = CoolChatTwitchPlus/CoolChatTwitchPlus.entitlements;
				CODE_SIGN_STYLE = Automatic;
				COMBINE_HIDPI_IMAGES = YES;
				CURRENT_PROJECT_VERSION = 1;
				DEVELOPMENT_ASSET_PATHS = "\"CoolChatTwitchPlus/Preview Content\"";
				DEVELOPMENT_TEAM = ZDK82FGR3Z;
				ENABLE_HARDENED_RUNTIME = YES;
				ENABLE_PREVIEWS = YES;
				GENERATE_INFOPLIST_FILE = YES;
				INFOPLIST_KEY_CFBundleDisplayName = "CCT+";
				INFOPLIST_KEY_NSHumanReadableCopyright = "";
				LD_RUNPATH_SEARCH_PATHS = (
					"$(inherited)",
					"@executable_path/../Frameworks",
				);
				MARKETING_VERSION = 1.0;
				PRODUCT_BUNDLE_IDENTIFIER = dev.cctplus.CoolChatTwitchPlus;
				PRODUCT_NAME = "$(TARGET_NAME)";
				SWIFT_EMIT_LOC_STRINGS = YES;
				SWIFT_VERSION = 5.0;
			};
			name = Debug;
		};
		372E514C28FF889100465771 /* Release */ = {
			isa = XCBuildConfiguration;
			buildSettings = {
				ASSETCATALOG_COMPILER_APPICON_NAME = AppIcon;
				ASSETCATALOG_COMPILER_GLOBAL_ACCENT_COLOR_NAME = AccentColor;
				CODE_SIGN_ENTITLEMENTS = CoolChatTwitchPlus/CoolChatTwitchPlus.entitlements;
				CODE_SIGN_STYLE = Automatic;
				COMBINE_HIDPI_IMAGES = YES;
				CURRENT_PROJECT_VERSION = 1;
				DEVELOPMENT_ASSET_PATHS = "\"CoolChatTwitchPlus/Preview Content\"";
				DEVELOPMENT_TEAM = ZDK82FGR3Z;
				ENABLE_HARDENED_RUNTIME = YES;
				ENABLE_PREVIEWS = YES;
				GENERATE_INFOPLIST_FILE = YES;
				INFOPLIST_KEY_CFBundleDisplayName = "CCT+";
				INFOPLIST_KEY_NSHumanReadableCopyright = "";
				LD_RUNPATH_SEARCH_PATHS = (
					"$(inherited)",
					"@executable_path/../Frameworks",
				);
				MARKETING_VERSION = 1.0;
				PRODUCT_BUNDLE_IDENTIFIER = dev.cctplus.CoolChatTwitchPlus;
				PRODUCT_NAME = "$(TARGET_NAME)";
				SWIFT_EMIT_LOC_STRINGS = YES;
				SWIFT_VERSION = 5.0;
			};
			name = Release;
		};
/* End XCBuildConfiguration section */

/* Begin XCConfigurationList section */
		372E513628FF889000465771 /* Build configuration list for PBXProject "CoolChatTwitchPlus" */ = {
			isa = XCConfigurationList;
			buildConfigurations = (
				372E514828FF889100465771 /* Debug */,
				372E514928FF889100465771 /* Release */,
			);
			defaultConfigurationIsVisible = 0;
			defaultConfigurationName = Release;
		};
		372E514A28FF889100465771 /* Build configuration list for PBXNativeTarget "CoolChatTwitchPlus" */ = {
			isa = XCConfigurationList;
			buildConfigurations = (
				372E514B28FF889100465771 /* Debug */,
				372E514C28FF889100465771 /* Release */,
			);
			defaultConfigurationIsVisible = 0;
			defaultConfigurationName = Release;
		};
/* End XCConfigurationList section */

/* Begin XCRemoteSwiftPackageReference section */
		372E514D28FF89B500465771 /* XCRemoteSwiftPackageReference "twitch-chat" */ = {
			isa = XCRemoteSwiftPackageReference;
			repositoryURL = "https://github.com/cocoatype/twitch-chat";
			requirement = {
				kind = upToNextMajorVersion;
				minimumVersion = 0.0.2;
			};
		};
/* End XCRemoteSwiftPackageReference section */

/* Begin XCSwiftPackageProductDependency section */
		372E514E28FF89B500465771 /* TwitchChat */ = {
			isa = XCSwiftPackageProductDependency;
			package = 372E514D28FF89B500465771 /* XCRemoteSwiftPackageReference "twitch-chat" */;
			productName = TwitchChat;
		};
/* End XCSwiftPackageProductDependency section */
	};
	rootObject = 372E513328FF889000465771 /* Project object */;
}
